
Microsoft Visual Studio Solution File, Format Version 12.00
# Visual Studio Version 17
VisualStudioVersion = 17.9.34616.47
MinimumVisualStudioVersion = 10.0.40219.1
Project("{FAE04EC0-301F-11D3-BF4B-00C04F79EFBC}") = "practica3.2", "practica3.2\practica3.2.csproj", "{229F2208-1FA9-416E-8ADE-C5C0D37A9E4A}"
EndProject
Global
	GlobalSection(SolutionConfigurationPlatforms) = preSolution
		Debug|Any CPU = Debug|Any CPU
		Release|Any CPU = Release|Any CPU
	EndGlobalSection
	GlobalSection(ProjectConfigurationPlatforms) = postSolution
		{229F2208-1FA9-416E-8ADE-C5C0D37A9E4A}.Debug|Any CPU.ActiveCfg = Debug|Any CPU
		{229F2208-1FA9-416E-8ADE-C5C0D37A9E4A}.Debug|Any CPU.Build.0 = Debug|Any CPU
		{229F2208-1FA9-416E-8ADE-C5C0D37A9E4A}.Release|Any CPU.ActiveCfg = Release|Any CPU
		{229F2208-1FA9-416E-8ADE-C5C0D37A9E4A}.Release|Any CPU.Build.0 = Release|Any CPU
	EndGlobalSection
	GlobalSection(SolutionProperties) = preSolution
		HideSolutionNode = FALSE
	EndGlobalSection
	GlobalSection(ExtensibilityGlobals) = postSolution
		SolutionGuid = {BECC1179-59C0-4E34-9665-0DDF1DBD04F0}
	EndGlobalSection
EndGlobal
